
Microsoft Visual Studio Solution File, Format Version 12.00
# Visual Studio Version 17
VisualStudioVersion = 17
MinimumVisualStudioVersion = 10.0.40219.1
Project("{9A19103F-16F7-4668-BE54-9A1E7A4F7556}") = "Dark The Finals", "Dark The Finals\Dark The Finals.csproj", "{8E8C5C32-CFE4-476D-A2AC-64707693645F}"
EndProject
Global
	GlobalSection(SolutionConfigurationPlatforms) = preSolution
		Debug|Any CPU = Debug|Any CPU
		Debug|x64 = Debug|x64
		Release|Any CPU = Release|Any CPU
		Release|x64 = Release|x64
	EndGlobalSection
	GlobalSection(ProjectConfigurationPlatforms) = postSolution
		{8E8C5C32-CFE4-476D-A2AC-64707693645F}.Debug|Any CPU.ActiveCfg = Debug|Any CPU
		{8E8C5C32-CFE4-476D-A2AC-64707693645F}.Debug|Any CPU.Build.0 = Debug|Any CPU
		{8E8C5C32-CFE4-476D-A2AC-64707693645F}.Debug|x64.ActiveCfg = Debug|x64
		{8E8C5C32-CFE4-476D-A2AC-64707693645F}.Debug|x64.Build.0 = Debug|x64
		{8E8C5C32-CFE4-476D-A2AC-64707693645F}.Release|Any CPU.ActiveCfg = Release|Any CPU
		{8E8C5C32-CFE4-476D-A2AC-64707693645F}.Release|Any CPU.Build.0 = Release|Any CPU
		{8E8C5C32-CFE4-476D-A2AC-64707693645F}.Release|x64.ActiveCfg = Release|x64
		{8E8C5C32-CFE4-476D-A2AC-64707693645F}.Release|x64.Build.0 = Release|x64
	EndGlobalSection
	GlobalSection(SolutionProperties) = preSolution
		HideSolutionNode = FALSE
	EndGlobalSection
	GlobalSection(ExtensibilityGlobals) = postSolution
		SolutionGuid = {3A78934B-5509-46C3-9F10-BA89A78D3110}
	EndGlobalSection
EndGlobal
